# This file is autogenerated, do not edit; changes may be undone by the next 'dep ensure'.


[[projects]]
  branch = "master"
  name = "github.com/golang/glog"
  packages = ["."]
  revision = "23def4e6c14b4da8ac2ed8007337bc5eb5007998"

[[projects]]
  name = "github.com/olivere/elastic"
  packages = ["."]
  revision = "79ff368708b3a2a9da641dc831d95fd0782bf4ef"
  version = "v5.0.58"

[[projects]]
  name = "github.com/pkg/errors"
  packages = ["."]
  revision = "645ef00459ed84a119197bfb8d8205042c6df63d"
  version = "v0.8.0"

[[projects]]
  name = "gopkg.in/olivere/elastic.v5"
  packages = ["config","uritemplates"]
  revision = "79ff368708b3a2a9da641dc831d95fd0782bf4ef"
  version = "v5.0.58"

[solve-meta]
  analyzer-name = "dep"
  analyzer-version = 1
  inputs-digest = "82acfaee7d0633a18ecbad085b095935d85af062d0586f2c68f58a323e6133b2"
  solver-name = "gps-cdcl"
  solver-version = 1
